
Microsoft Visual Studio Solution File, Format Version 12.00
# Visual Studio Version 17
VisualStudioVersion = 17.9.34723.18
MinimumVisualStudioVersion = 10.0.40219.1
Project("{FAE04EC0-301F-11D3-BF4B-00C04F79EFBC}") = "AdminPaneli", "AdminPaneli\AdminPaneli.csproj", "{EC1AA5D6-3270-4E4D-BE47-3F18D891390B}"
EndProject
Project("{FAE04EC0-301F-11D3-BF4B-00C04F79EFBC}") = "Db", "Db\Db.csproj", "{3186214D-7D0B-4C01-8629-224E2C9DBC81}"
EndProject
Project("{FAE04EC0-301F-11D3-BF4B-00C04F79EFBC}") = "SatisPaneli", "SatisPaneli\SatisPaneli.csproj", "{2985479C-DB0C-4548-B989-BC69CC5B34EC}"
EndProject
Global
	GlobalSection(SolutionConfigurationPlatforms) = preSolution
		Debug|Any CPU = Debug|Any CPU
		Release|Any CPU = Release|Any CPU
	EndGlobalSection
	GlobalSection(ProjectConfigurationPlatforms) = postSolution
		{EC1AA5D6-3270-4E4D-BE47-3F18D891390B}.Debug|Any CPU.ActiveCfg = Debug|Any CPU
		{EC1AA5D6-3270-4E4D-BE47-3F18D891390B}.Debug|Any CPU.Build.0 = Debug|Any CPU
		{EC1AA5D6-3270-4E4D-BE47-3F18D891390B}.Release|Any CPU.ActiveCfg = Release|Any CPU
		{EC1AA5D6-3270-4E4D-BE47-3F18D891390B}.Release|Any CPU.Build.0 = Release|Any CPU
		{3186214D-7D0B-4C01-8629-224E2C9DBC81}.Debug|Any CPU.ActiveCfg = Debug|Any CPU
		{3186214D-7D0B-4C01-8629-224E2C9DBC81}.Debug|Any CPU.Build.0 = Debug|Any CPU
		{3186214D-7D0B-4C01-8629-224E2C9DBC81}.Release|Any CPU.ActiveCfg = Release|Any CPU
		{3186214D-7D0B-4C01-8629-224E2C9DBC81}.Release|Any CPU.Build.0 = Release|Any CPU
		{2985479C-DB0C-4548-B989-BC69CC5B34EC}.Debug|Any CPU.ActiveCfg = Debug|Any CPU
		{2985479C-DB0C-4548-B989-BC69CC5B34EC}.Debug|Any CPU.Build.0 = Debug|Any CPU
		{2985479C-DB0C-4548-B989-BC69CC5B34EC}.Release|Any CPU.ActiveCfg = Release|Any CPU
		{2985479C-DB0C-4548-B989-BC69CC5B34EC}.Release|Any CPU.Build.0 = Release|Any CPU
	EndGlobalSection
	GlobalSection(SolutionProperties) = preSolution
		HideSolutionNode = FALSE
	EndGlobalSection
	GlobalSection(ExtensibilityGlobals) = postSolution
		SolutionGuid = {0C4DF6C4-240F-4E69-9F46-FA80777E2ADA}
	EndGlobalSection
EndGlobal
